
Microsoft Visual Studio Solution File, Format Version 12.00
# Visual Studio 15
VisualStudioVersion = 15.0.26430.13
MinimumVisualStudioVersion = 10.0.40219.1
Project("{151D2E53-A2C4-4D7D-83FE-D05416EBD58E}") = "Azure-RsrceGrp-ADFS-Lab1", "Azure-RsrceGrp-ADFS-Lab1\Azure-RsrceGrp-ADFS-Lab1.deployproj", "{3025CD07-5CA1-4F20-9240-4FC36EF1E94C}"
EndProject
Global
	GlobalSection(SolutionConfigurationPlatforms) = preSolution
		Debug|Any CPU = Debug|Any CPU
		Release|Any CPU = Release|Any CPU
	EndGlobalSection
	GlobalSection(ProjectConfigurationPlatforms) = postSolution
		{3025CD07-5CA1-4F20-9240-4FC36EF1E94C}.Debug|Any CPU.ActiveCfg = Debug|Any CPU
		{3025CD07-5CA1-4F20-9240-4FC36EF1E94C}.Debug|Any CPU.Build.0 = Debug|Any CPU
		{3025CD07-5CA1-4F20-9240-4FC36EF1E94C}.Release|Any CPU.ActiveCfg = Release|Any CPU
		{3025CD07-5CA1-4F20-9240-4FC36EF1E94C}.Release|Any CPU.Build.0 = Release|Any CPU
	EndGlobalSection
	GlobalSection(SolutionProperties) = preSolution
		HideSolutionNode = FALSE
	EndGlobalSection
EndGlobal
